
Microsoft Visual Studio Solution File, Format Version 12.00
# Visual Studio Version 17
VisualStudioVersion = 17.10.35027.167
MinimumVisualStudioVersion = 10.0.40219.1
Project("{FAE04EC0-301F-11D3-BF4B-00C04F79EFBC}") = "Employee__Management", "Employee__Management\Employee__Management.csproj", "{F1303272-E455-4205-AEA0-CF2DB2E0ADEA}"
EndProject
Global
	GlobalSection(SolutionConfigurationPlatforms) = preSolution
		Debug|Any CPU = Debug|Any CPU
		Release|Any CPU = Release|Any CPU
	EndGlobalSection
	GlobalSection(ProjectConfigurationPlatforms) = postSolution
		{F1303272-E455-4205-AEA0-CF2DB2E0ADEA}.Debug|Any CPU.ActiveCfg = Debug|Any CPU
		{F1303272-E455-4205-AEA0-CF2DB2E0ADEA}.Debug|Any CPU.Build.0 = Debug|Any CPU
		{F1303272-E455-4205-AEA0-CF2DB2E0ADEA}.Release|Any CPU.ActiveCfg = Release|Any CPU
		{F1303272-E455-4205-AEA0-CF2DB2E0ADEA}.Release|Any CPU.Build.0 = Release|Any CPU
	EndGlobalSection
	GlobalSection(SolutionProperties) = preSolution
		HideSolutionNode = FALSE
	EndGlobalSection
	GlobalSection(ExtensibilityGlobals) = postSolution
		SolutionGuid = {DF1FF56F-2E3B-4E76-BB2D-7F46C3381E0B}
	EndGlobalSection
EndGlobal
